
Microsoft Visual Studio Solution File, Format Version 12.00
# Visual Studio Version 17
VisualStudioVersion = 17.3.32922.545
MinimumVisualStudioVersion = 10.0.40219.1
Project("{FAE04EC0-301F-11D3-BF4B-00C04F79EFBC}") = "productosDeTienda", "productosDeTienda\productosDeTienda.csproj", "{BC924BB8-C5A4-4A26-BE4A-71FF84CE40F3}"
EndProject
Global
	GlobalSection(SolutionConfigurationPlatforms) = preSolution
		Debug|Any CPU = Debug|Any CPU
		Release|Any CPU = Release|Any CPU
	EndGlobalSection
	GlobalSection(ProjectConfigurationPlatforms) = postSolution
		{BC924BB8-C5A4-4A26-BE4A-71FF84CE40F3}.Debug|Any CPU.ActiveCfg = Debug|Any CPU
		{BC924BB8-C5A4-4A26-BE4A-71FF84CE40F3}.Debug|Any CPU.Build.0 = Debug|Any CPU
		{BC924BB8-C5A4-4A26-BE4A-71FF84CE40F3}.Release|Any CPU.ActiveCfg = Release|Any CPU
		{BC924BB8-C5A4-4A26-BE4A-71FF84CE40F3}.Release|Any CPU.Build.0 = Release|Any CPU
	EndGlobalSection
	GlobalSection(SolutionProperties) = preSolution
		HideSolutionNode = FALSE
	EndGlobalSection
	GlobalSection(ExtensibilityGlobals) = postSolution
		SolutionGuid = {157C41A8-0A4C-420F-A4CF-E36C250147E3}
	EndGlobalSection
EndGlobal
